
Microsoft Visual Studio Solution File, Format Version 12.00
# Visual Studio 15
VisualStudioVersion = 15.0.28307.489
MinimumVisualStudioVersion = 10.0.40219.1
Project("{9A19103F-16F7-4668-BE54-9A1E7A4F7556}") = "day01", "day01\day01.csproj", "{9695E1EF-1659-46A6-B326-2D67D824502B}"
EndProject
Project("{9A19103F-16F7-4668-BE54-9A1E7A4F7556}") = "day02", "day02\day02.csproj", "{FFA07BF6-D62D-46BB-8775-AF890478F0A1}"
EndProject
Project("{9A19103F-16F7-4668-BE54-9A1E7A4F7556}") = "day03", "day03\day03.csproj", "{A6245589-FC96-4856-AFA9-9A221A693105}"
EndProject
Project("{9A19103F-16F7-4668-BE54-9A1E7A4F7556}") = "day04", "day04\day04.csproj", "{B64EEB2B-9F84-40E4-BC59-E4686C521B4A}"
EndProject
Project("{9A19103F-16F7-4668-BE54-9A1E7A4F7556}") = "day05", "day05\day05.csproj", "{7403CD08-7E28-4DC7-BEFD-8F5598773E0F}"
EndProject
Project("{9A19103F-16F7-4668-BE54-9A1E7A4F7556}") = "day06", "day06\day06.csproj", "{C1E16CC7-5C11-4833-9A05-053E67F9EEBA}"
EndProject
Project("{9A19103F-16F7-4668-BE54-9A1E7A4F7556}") = "day07", "day07\day07.csproj", "{7B60178D-8177-4578-8176-6A1E010E1B21}"
EndProject
Project("{9A19103F-16F7-4668-BE54-9A1E7A4F7556}") = "day08", "day08\day08.csproj", "{A657FBAE-72F6-463E-B443-67909044978C}"
EndProject
Project("{FAE04EC0-301F-11D3-BF4B-00C04F79EFBC}") = "day09", "day09\day09.csproj", "{B722378C-3923-46CB-A78A-77E856D4B2B0}"
EndProject
Project("{FAE04EC0-301F-11D3-BF4B-00C04F79EFBC}") = "day10", "day10\day10.csproj", "{B3AD966D-8393-4A19-B302-4197403EBE59}"
EndProject
Project("{FAE04EC0-301F-11D3-BF4B-00C04F79EFBC}") = "day11", "day11\day11.csproj", "{95AD8717-D890-4576-A805-E5D0182D51F0}"
EndProject
Project("{FAE04EC0-301F-11D3-BF4B-00C04F79EFBC}") = "day12", "day12\day12.csproj", "{EAC7E341-9072-48EE-94AC-5000D6C6151D}"
EndProject
Project("{FAE04EC0-301F-11D3-BF4B-00C04F79EFBC}") = "day13", "day13\day13.csproj", "{AA22215F-6F77-466C-A56B-CEBE2623FEA6}"
EndProject
Project("{FAE04EC0-301F-11D3-BF4B-00C04F79EFBC}") = "day14", "day14\day14.csproj", "{2D89600D-9E7D-4B3C-9816-0A2B71E4D24B}"
EndProject
Global
	GlobalSection(SolutionConfigurationPlatforms) = preSolution
		Debug|Any CPU = Debug|Any CPU
		Release|Any CPU = Release|Any CPU
	EndGlobalSection
	GlobalSection(ProjectConfigurationPlatforms) = postSolution
		{9695E1EF-1659-46A6-B326-2D67D824502B}.Debug|Any CPU.ActiveCfg = Debug|Any CPU
		{9695E1EF-1659-46A6-B326-2D67D824502B}.Debug|Any CPU.Build.0 = Debug|Any CPU
		{9695E1EF-1659-46A6-B326-2D67D824502B}.Release|Any CPU.ActiveCfg = Release|Any CPU
		{9695E1EF-1659-46A6-B326-2D67D824502B}.Release|Any CPU.Build.0 = Release|Any CPU
		{FFA07BF6-D62D-46BB-8775-AF890478F0A1}.Debug|Any CPU.ActiveCfg = Debug|Any CPU
		{FFA07BF6-D62D-46BB-8775-AF890478F0A1}.Debug|Any CPU.Build.0 = Debug|Any CPU
		{FFA07BF6-D62D-46BB-8775-AF890478F0A1}.Release|Any CPU.ActiveCfg = Release|Any CPU
		{FFA07BF6-D62D-46BB-8775-AF890478F0A1}.Release|Any CPU.Build.0 = Release|Any CPU
		{A6245589-FC96-4856-AFA9-9A221A693105}.Debug|Any CPU.ActiveCfg = Debug|Any CPU
		{A6245589-FC96-4856-AFA9-9A221A693105}.Debug|Any CPU.Build.0 = Debug|Any CPU
		{A6245589-FC96-4856-AFA9-9A221A693105}.Release|Any CPU.ActiveCfg = Release|Any CPU
		{A6245589-FC96-4856-AFA9-9A221A693105}.Release|Any CPU.Build.0 = Release|Any CPU
		{B64EEB2B-9F84-40E4-BC59-E4686C521B4A}.Debug|Any CPU.ActiveCfg = Debug|Any CPU
		{B64EEB2B-9F84-40E4-BC59-E4686C521B4A}.Debug|Any CPU.Build.0 = Debug|Any CPU
		{B64EEB2B-9F84-40E4-BC59-E4686C521B4A}.Release|Any CPU.ActiveCfg = Release|Any CPU
		{B64EEB2B-9F84-40E4-BC59-E4686C521B4A}.Release|Any CPU.Build.0 = Release|Any CPU
		{7403CD08-7E28-4DC7-BEFD-8F5598773E0F}.Debug|Any CPU.ActiveCfg = Debug|Any CPU
		{7403CD08-7E28-4DC7-BEFD-8F5598773E0F}.Debug|Any CPU.Build.0 = Debug|Any CPU
		{7403CD08-7E28-4DC7-BEFD-8F5598773E0F}.Release|Any CPU.ActiveCfg = Release|Any CPU
		{7403CD08-7E28-4DC7-BEFD-8F5598773E0F}.Release|Any CPU.Build.0 = Release|Any CPU
		{C1E16CC7-5C11-4833-9A05-053E67F9EEBA}.Debug|Any CPU.ActiveCfg = Debug|Any CPU
		{C1E16CC7-5C11-4833-9A05-053E67F9EEBA}.Debug|Any CPU.Build.0 = Debug|Any CPU
		{C1E16CC7-5C11-4833-9A05-053E67F9EEBA}.Release|Any CPU.ActiveCfg = Release|Any CPU
		{C1E16CC7-5C11-4833-9A05-053E67F9EEBA}.Release|Any CPU.Build.0 = Release|Any CPU
		{7B60178D-8177-4578-8176-6A1E010E1B21}.Debug|Any CPU.ActiveCfg = Debug|Any CPU
		{7B60178D-8177-4578-8176-6A1E010E1B21}.Debug|Any CPU.Build.0 = Debug|Any CPU
		{7B60178D-8177-4578-8176-6A1E010E1B21}.Release|Any CPU.ActiveCfg = Release|Any CPU
		{7B60178D-8177-4578-8176-6A1E010E1B21}.Release|Any CPU.Build.0 = Release|Any CPU
		{A657FBAE-72F6-463E-B443-67909044978C}.Debug|Any CPU.ActiveCfg = Debug|Any CPU
		{A657FBAE-72F6-463E-B443-67909044978C}.Debug|Any CPU.Build.0 = Debug|Any CPU
		{A657FBAE-72F6-463E-B443-67909044978C}.Release|Any CPU.ActiveCfg = Release|Any CPU
		{A657FBAE-72F6-463E-B443-67909044978C}.Release|Any CPU.Build.0 = Release|Any CPU
		{B722378C-3923-46CB-A78A-77E856D4B2B0}.Debug|Any CPU.ActiveCfg = Debug|Any CPU
		{B722378C-3923-46CB-A78A-77E856D4B2B0}.Debug|Any CPU.Build.0 = Debug|Any CPU
		{B722378C-3923-46CB-A78A-77E856D4B2B0}.Release|Any CPU.ActiveCfg = Release|Any CPU
		{B722378C-3923-46CB-A78A-77E856D4B2B0}.Release|Any CPU.Build.0 = Release|Any CPU
		{B3AD966D-8393-4A19-B302-4197403EBE59}.Debug|Any CPU.ActiveCfg = Debug|Any CPU
		{B3AD966D-8393-4A19-B302-4197403EBE59}.Debug|Any CPU.Build.0 = Debug|Any CPU
		{B3AD966D-8393-4A19-B302-4197403EBE59}.Release|Any CPU.ActiveCfg = Release|Any CPU
		{B3AD966D-8393-4A19-B302-4197403EBE59}.Release|Any CPU.Build.0 = Release|Any CPU
		{95AD8717-D890-4576-A805-E5D0182D51F0}.Debug|Any CPU.ActiveCfg = Debug|Any CPU
		{95AD8717-D890-4576-A805-E5D0182D51F0}.Debug|Any CPU.Build.0 = Debug|Any CPU
		{95AD8717-D890-4576-A805-E5D0182D51F0}.Release|Any CPU.ActiveCfg = Release|Any CPU
		{95AD8717-D890-4576-A805-E5D0182D51F0}.Release|Any CPU.Build.0 = Release|Any CPU
		{EAC7E341-9072-48EE-94AC-5000D6C6151D}.Debug|Any CPU.ActiveCfg = Debug|Any CPU
		{EAC7E341-9072-48EE-94AC-5000D6C6151D}.Debug|Any CPU.Build.0 = Debug|Any CPU
		{EAC7E341-9072-48EE-94AC-5000D6C6151D}.Release|Any CPU.ActiveCfg = Release|Any CPU
		{EAC7E341-9072-48EE-94AC-5000D6C6151D}.Release|Any CPU.Build.0 = Release|Any CPU
		{AA22215F-6F77-466C-A56B-CEBE2623FEA6}.Debug|Any CPU.ActiveCfg = Debug|Any CPU
		{AA22215F-6F77-466C-A56B-CEBE2623FEA6}.Debug|Any CPU.Build.0 = Debug|Any CPU
		{AA22215F-6F77-466C-A56B-CEBE2623FEA6}.Release|Any CPU.ActiveCfg = Release|Any CPU
		{AA22215F-6F77-466C-A56B-CEBE2623FEA6}.Release|Any CPU.Build.0 = Release|Any CPU
		{2D89600D-9E7D-4B3C-9816-0A2B71E4D24B}.Debug|Any CPU.ActiveCfg = Debug|Any CPU
		{2D89600D-9E7D-4B3C-9816-0A2B71E4D24B}.Debug|Any CPU.Build.0 = Debug|Any CPU
		{2D89600D-9E7D-4B3C-9816-0A2B71E4D24B}.Release|Any CPU.ActiveCfg = Release|Any CPU
		{2D89600D-9E7D-4B3C-9816-0A2B71E4D24B}.Release|Any CPU.Build.0 = Release|Any CPU
	EndGlobalSection
	GlobalSection(SolutionProperties) = preSolution
		HideSolutionNode = FALSE
	EndGlobalSection
	GlobalSection(ExtensibilityGlobals) = postSolution
		SolutionGuid = {FA4D9C22-CFE6-4DAB-BC94-22B4FFD562CB}
	EndGlobalSection
EndGlobal
